
Microsoft Visual Studio Solution File, Format Version 12.00
Project("{FAE04EC0-301F-11D3-BF4B-00C04F79EFBC}") = "EscapeManager", "EscapeManager.csproj", "{801D89FC-6FBD-41CB-B4A2-B9D6CB3E3E10}"
EndProject
Global
	GlobalSection(SolutionConfigurationPlatforms) = preSolution
		Debug|Any CPU = Debug|Any CPU
		Release|Any CPU = Release|Any CPU
	EndGlobalSection
	GlobalSection(ProjectConfigurationPlatforms) = postSolution
		{801D89FC-6FBD-41CB-B4A2-B9D6CB3E3E10}.Debug|Any CPU.ActiveCfg = Debug|Any CPU
		{801D89FC-6FBD-41CB-B4A2-B9D6CB3E3E10}.Debug|Any CPU.Build.0 = Debug|Any CPU
		{801D89FC-6FBD-41CB-B4A2-B9D6CB3E3E10}.Release|Any CPU.ActiveCfg = Release|Any CPU
		{801D89FC-6FBD-41CB-B4A2-B9D6CB3E3E10}.Release|Any CPU.Build.0 = Release|Any CPU
	EndGlobalSection
EndGlobal
